
Microsoft Visual Studio Solution File, Format Version 12.00
# Visual Studio Version 17
VisualStudioVersion = 17.12.35514.174 d17.12
MinimumVisualStudioVersion = 10.0.40219.1
Project("{FAE04EC0-301F-11D3-BF4B-00C04F79EFBC}") = "Assignment 5_3_1", "Assignment 5_3_1.csproj", "{42224C0E-AD6F-490E-9193-1A37FC8A6FE7}"
EndProject
Global
	GlobalSection(SolutionConfigurationPlatforms) = preSolution
		Debug|Any CPU = Debug|Any CPU
		Release|Any CPU = Release|Any CPU
	EndGlobalSection
	GlobalSection(ProjectConfigurationPlatforms) = postSolution
		{42224C0E-AD6F-490E-9193-1A37FC8A6FE7}.Debug|Any CPU.ActiveCfg = Debug|Any CPU
		{42224C0E-AD6F-490E-9193-1A37FC8A6FE7}.Debug|Any CPU.Build.0 = Debug|Any CPU
		{42224C0E-AD6F-490E-9193-1A37FC8A6FE7}.Release|Any CPU.ActiveCfg = Release|Any CPU
		{42224C0E-AD6F-490E-9193-1A37FC8A6FE7}.Release|Any CPU.Build.0 = Release|Any CPU
	EndGlobalSection
	GlobalSection(SolutionProperties) = preSolution
		HideSolutionNode = FALSE
	EndGlobalSection
EndGlobal
